
Microsoft Visual Studio Solution File, Format Version 12.00
# Visual Studio Version 17
VisualStudioVersion = 17.8.34511.84
MinimumVisualStudioVersion = 10.0.40219.1
Project("{9A19103F-16F7-4668-BE54-9A1E7A4F7556}") = "Rabbit.Producer", "Rabbit.Producer\Rabbit.Producer.csproj", "{8506617B-46C9-4550-9424-67FE2618632F}"
EndProject
Project("{9A19103F-16F7-4668-BE54-9A1E7A4F7556}") = "Rabbit.Consumer", "Rabbit.Consumer\Rabbit.Consumer.csproj", "{CCEC292D-70FD-4C52-A3D1-0F2BDEE7A51A}"
EndProject
Project("{E53339B2-1760-4266-BCC7-CA923CBCF16C}") = "docker-compose", "docker-compose.dcproj", "{CFA4D505-B5B4-47F9-8FC3-4533D07D33FA}"
EndProject
Global
	GlobalSection(SolutionConfigurationPlatforms) = preSolution
		Debug|Any CPU = Debug|Any CPU
		Release|Any CPU = Release|Any CPU
	EndGlobalSection
	GlobalSection(ProjectConfigurationPlatforms) = postSolution
		{8506617B-46C9-4550-9424-67FE2618632F}.Debug|Any CPU.ActiveCfg = Debug|Any CPU
		{8506617B-46C9-4550-9424-67FE2618632F}.Debug|Any CPU.Build.0 = Debug|Any CPU
		{8506617B-46C9-4550-9424-67FE2618632F}.Release|Any CPU.ActiveCfg = Release|Any CPU
		{8506617B-46C9-4550-9424-67FE2618632F}.Release|Any CPU.Build.0 = Release|Any CPU
		{CCEC292D-70FD-4C52-A3D1-0F2BDEE7A51A}.Debug|Any CPU.ActiveCfg = Debug|Any CPU
		{CCEC292D-70FD-4C52-A3D1-0F2BDEE7A51A}.Debug|Any CPU.Build.0 = Debug|Any CPU
		{CCEC292D-70FD-4C52-A3D1-0F2BDEE7A51A}.Release|Any CPU.ActiveCfg = Release|Any CPU
		{CCEC292D-70FD-4C52-A3D1-0F2BDEE7A51A}.Release|Any CPU.Build.0 = Release|Any CPU
		{CFA4D505-B5B4-47F9-8FC3-4533D07D33FA}.Debug|Any CPU.ActiveCfg = Debug|Any CPU
		{CFA4D505-B5B4-47F9-8FC3-4533D07D33FA}.Debug|Any CPU.Build.0 = Debug|Any CPU
		{CFA4D505-B5B4-47F9-8FC3-4533D07D33FA}.Release|Any CPU.ActiveCfg = Release|Any CPU
		{CFA4D505-B5B4-47F9-8FC3-4533D07D33FA}.Release|Any CPU.Build.0 = Release|Any CPU
	EndGlobalSection
	GlobalSection(SolutionProperties) = preSolution
		HideSolutionNode = FALSE
	EndGlobalSection
	GlobalSection(ExtensibilityGlobals) = postSolution
		SolutionGuid = {5461E6BF-0559-47EE-A0F4-CDA5DE04A25E}
	EndGlobalSection
EndGlobal
